
Microsoft Visual Studio Solution File, Format Version 12.00
# Visual Studio Version 17
VisualStudioVersion = 17.11.35303.130
MinimumVisualStudioVersion = 10.0.40219.1
Project("{9A19103F-16F7-4668-BE54-9A1E7A4F7556}") = "DogsHouseService.API", "DogsHouseService.API\DogsHouseService.API.csproj", "{AF095911-E055-4F48-B7EC-B0D6A7608D7D}"
EndProject
Project("{FAE04EC0-301F-11D3-BF4B-00C04F79EFBC}") = "DogsHouseService.BusinessLogic", "DogsHouseService.BusinessLogic\DogsHouseService.BusinessLogic.csproj", "{DE9C2FAC-DB8B-4A86-A7FA-77C289A9BF9F}"
EndProject
Project("{FAE04EC0-301F-11D3-BF4B-00C04F79EFBC}") = "DogsHouseService.Infrastructure", "DogsHouseService.Infrastructure\DogsHouseService.Infrastructure.csproj", "{D6BDE1BD-9C81-4576-8D09-EE5A0CB48144}"
EndProject
Global
	GlobalSection(SolutionConfigurationPlatforms) = preSolution
		Debug|Any CPU = Debug|Any CPU
		Release|Any CPU = Release|Any CPU
	EndGlobalSection
	GlobalSection(ProjectConfigurationPlatforms) = postSolution
		{AF095911-E055-4F48-B7EC-B0D6A7608D7D}.Debug|Any CPU.ActiveCfg = Debug|Any CPU
		{AF095911-E055-4F48-B7EC-B0D6A7608D7D}.Debug|Any CPU.Build.0 = Debug|Any CPU
		{AF095911-E055-4F48-B7EC-B0D6A7608D7D}.Release|Any CPU.ActiveCfg = Release|Any CPU
		{AF095911-E055-4F48-B7EC-B0D6A7608D7D}.Release|Any CPU.Build.0 = Release|Any CPU
		{DE9C2FAC-DB8B-4A86-A7FA-77C289A9BF9F}.Debug|Any CPU.ActiveCfg = Debug|Any CPU
		{DE9C2FAC-DB8B-4A86-A7FA-77C289A9BF9F}.Debug|Any CPU.Build.0 = Debug|Any CPU
		{DE9C2FAC-DB8B-4A86-A7FA-77C289A9BF9F}.Release|Any CPU.ActiveCfg = Release|Any CPU
		{DE9C2FAC-DB8B-4A86-A7FA-77C289A9BF9F}.Release|Any CPU.Build.0 = Release|Any CPU
		{D6BDE1BD-9C81-4576-8D09-EE5A0CB48144}.Debug|Any CPU.ActiveCfg = Debug|Any CPU
		{D6BDE1BD-9C81-4576-8D09-EE5A0CB48144}.Debug|Any CPU.Build.0 = Debug|Any CPU
		{D6BDE1BD-9C81-4576-8D09-EE5A0CB48144}.Release|Any CPU.ActiveCfg = Release|Any CPU
		{D6BDE1BD-9C81-4576-8D09-EE5A0CB48144}.Release|Any CPU.Build.0 = Release|Any CPU
	EndGlobalSection
	GlobalSection(SolutionProperties) = preSolution
		HideSolutionNode = FALSE
	EndGlobalSection
	GlobalSection(ExtensibilityGlobals) = postSolution
		SolutionGuid = {1301F6AB-C2E2-4EC2-A048-B999F8FC22FB}
	EndGlobalSection
EndGlobal
